
Microsoft Visual Studio Solution File, Format Version 12.00
# Visual Studio Version 16
VisualStudioVersion = 16.0.29009.5
MinimumVisualStudioVersion = 10.0.40219.1
Project("{FAE04EC0-301F-11D3-BF4B-00C04F79EFBC}") = "RPECalculator.Android", "RPECalculator.Android\RPECalculator.Android.csproj", "{84E3C508-9B99-4B92-BE7B-C0F09FC62846}"
EndProject
Project("{FAE04EC0-301F-11D3-BF4B-00C04F79EFBC}") = "RPECalculator.iOS", "RPECalculator.iOS\RPECalculator.iOS.csproj", "{BCBF3DE6-2C6E-43D4-987C-4D9080820429}"
EndProject
Project("{FAE04EC0-301F-11D3-BF4B-00C04F79EFBC}") = "RPECalculator", "RPECalculator\RPECalculator.csproj", "{7BC68769-2B0D-4E18-B523-B873810E9265}"
EndProject
Global
	GlobalSection(SolutionConfigurationPlatforms) = preSolution
		Debug|Any CPU = Debug|Any CPU
		Debug|iPhone = Debug|iPhone
		Debug|iPhoneSimulator = Debug|iPhoneSimulator
		Release|Any CPU = Release|Any CPU
		Release|iPhone = Release|iPhone
		Release|iPhoneSimulator = Release|iPhoneSimulator
	EndGlobalSection
	GlobalSection(ProjectConfigurationPlatforms) = postSolution
		{84E3C508-9B99-4B92-BE7B-C0F09FC62846}.Debug|Any CPU.ActiveCfg = Debug|Any CPU
		{84E3C508-9B99-4B92-BE7B-C0F09FC62846}.Debug|Any CPU.Build.0 = Debug|Any CPU
		{84E3C508-9B99-4B92-BE7B-C0F09FC62846}.Debug|Any CPU.Deploy.0 = Debug|Any CPU
		{84E3C508-9B99-4B92-BE7B-C0F09FC62846}.Debug|iPhone.ActiveCfg = Debug|Any CPU
		{84E3C508-9B99-4B92-BE7B-C0F09FC62846}.Debug|iPhone.Build.0 = Debug|Any CPU
		{84E3C508-9B99-4B92-BE7B-C0F09FC62846}.Debug|iPhone.Deploy.0 = Debug|Any CPU
		{84E3C508-9B99-4B92-BE7B-C0F09FC62846}.Debug|iPhoneSimulator.ActiveCfg = Debug|Any CPU
		{84E3C508-9B99-4B92-BE7B-C0F09FC62846}.Debug|iPhoneSimulator.Build.0 = Debug|Any CPU
		{84E3C508-9B99-4B92-BE7B-C0F09FC62846}.Debug|iPhoneSimulator.Deploy.0 = Debug|Any CPU
		{84E3C508-9B99-4B92-BE7B-C0F09FC62846}.Release|Any CPU.ActiveCfg = Release|Any CPU
		{84E3C508-9B99-4B92-BE7B-C0F09FC62846}.Release|Any CPU.Build.0 = Release|Any CPU
		{84E3C508-9B99-4B92-BE7B-C0F09FC62846}.Release|Any CPU.Deploy.0 = Release|Any CPU
		{84E3C508-9B99-4B92-BE7B-C0F09FC62846}.Release|iPhone.ActiveCfg = Release|Any CPU
		{84E3C508-9B99-4B92-BE7B-C0F09FC62846}.Release|iPhone.Build.0 = Release|Any CPU
		{84E3C508-9B99-4B92-BE7B-C0F09FC62846}.Release|iPhone.Deploy.0 = Release|Any CPU
		{84E3C508-9B99-4B92-BE7B-C0F09FC62846}.Release|iPhoneSimulator.ActiveCfg = Release|Any CPU
		{84E3C508-9B99-4B92-BE7B-C0F09FC62846}.Release|iPhoneSimulator.Build.0 = Release|Any CPU
		{84E3C508-9B99-4B92-BE7B-C0F09FC62846}.Release|iPhoneSimulator.Deploy.0 = Release|Any CPU
		{BCBF3DE6-2C6E-43D4-987C-4D9080820429}.Debug|Any CPU.ActiveCfg = Debug|iPhoneSimulator
		{BCBF3DE6-2C6E-43D4-987C-4D9080820429}.Debug|Any CPU.Build.0 = Debug|iPhoneSimulator
		{BCBF3DE6-2C6E-43D4-987C-4D9080820429}.Debug|Any CPU.Deploy.0 = Debug|iPhoneSimulator
		{BCBF3DE6-2C6E-43D4-987C-4D9080820429}.Debug|iPhone.ActiveCfg = Debug|iPhone
		{BCBF3DE6-2C6E-43D4-987C-4D9080820429}.Debug|iPhone.Build.0 = Debug|iPhone
		{BCBF3DE6-2C6E-43D4-987C-4D9080820429}.Debug|iPhone.Deploy.0 = Debug|iPhone
		{BCBF3DE6-2C6E-43D4-987C-4D9080820429}.Debug|iPhoneSimulator.ActiveCfg = Debug|iPhoneSimulator
		{BCBF3DE6-2C6E-43D4-987C-4D9080820429}.Debug|iPhoneSimulator.Build.0 = Debug|iPhoneSimulator
		{BCBF3DE6-2C6E-43D4-987C-4D9080820429}.Debug|iPhoneSimulator.Deploy.0 = Debug|iPhoneSimulator
		{BCBF3DE6-2C6E-43D4-987C-4D9080820429}.Release|Any CPU.ActiveCfg = Release|iPhone
		{BCBF3DE6-2C6E-43D4-987C-4D9080820429}.Release|Any CPU.Build.0 = Release|iPhone
		{BCBF3DE6-2C6E-43D4-987C-4D9080820429}.Release|Any CPU.Deploy.0 = Release|iPhone
		{BCBF3DE6-2C6E-43D4-987C-4D9080820429}.Release|iPhone.ActiveCfg = Release|iPhone
		{BCBF3DE6-2C6E-43D4-987C-4D9080820429}.Release|iPhone.Build.0 = Release|iPhone
		{BCBF3DE6-2C6E-43D4-987C-4D9080820429}.Release|iPhone.Deploy.0 = Release|iPhone
		{BCBF3DE6-2C6E-43D4-987C-4D9080820429}.Release|iPhoneSimulator.ActiveCfg = Release|iPhoneSimulator
		{BCBF3DE6-2C6E-43D4-987C-4D9080820429}.Release|iPhoneSimulator.Build.0 = Release|iPhoneSimulator
		{BCBF3DE6-2C6E-43D4-987C-4D9080820429}.Release|iPhoneSimulator.Deploy.0 = Release|iPhoneSimulator
		{7BC68769-2B0D-4E18-B523-B873810E9265}.Debug|Any CPU.ActiveCfg = Debug|Any CPU
		{7BC68769-2B0D-4E18-B523-B873810E9265}.Debug|Any CPU.Build.0 = Debug|Any CPU
		{7BC68769-2B0D-4E18-B523-B873810E9265}.Debug|Any CPU.Deploy.0 = Debug|Any CPU
		{7BC68769-2B0D-4E18-B523-B873810E9265}.Debug|iPhone.ActiveCfg = Debug|Any CPU
		{7BC68769-2B0D-4E18-B523-B873810E9265}.Debug|iPhone.Build.0 = Debug|Any CPU
		{7BC68769-2B0D-4E18-B523-B873810E9265}.Debug|iPhone.Deploy.0 = Debug|Any CPU
		{7BC68769-2B0D-4E18-B523-B873810E9265}.Debug|iPhoneSimulator.ActiveCfg = Debug|Any CPU
		{7BC68769-2B0D-4E18-B523-B873810E9265}.Debug|iPhoneSimulator.Build.0 = Debug|Any CPU
		{7BC68769-2B0D-4E18-B523-B873810E9265}.Debug|iPhoneSimulator.Deploy.0 = Debug|Any CPU
		{7BC68769-2B0D-4E18-B523-B873810E9265}.Release|Any CPU.ActiveCfg = Release|Any CPU
		{7BC68769-2B0D-4E18-B523-B873810E9265}.Release|Any CPU.Build.0 = Release|Any CPU
		{7BC68769-2B0D-4E18-B523-B873810E9265}.Release|Any CPU.Deploy.0 = Release|Any CPU
		{7BC68769-2B0D-4E18-B523-B873810E9265}.Release|iPhone.ActiveCfg = Release|Any CPU
		{7BC68769-2B0D-4E18-B523-B873810E9265}.Release|iPhone.Build.0 = Release|Any CPU
		{7BC68769-2B0D-4E18-B523-B873810E9265}.Release|iPhone.Deploy.0 = Release|Any CPU
		{7BC68769-2B0D-4E18-B523-B873810E9265}.Release|iPhoneSimulator.ActiveCfg = Release|Any CPU
		{7BC68769-2B0D-4E18-B523-B873810E9265}.Release|iPhoneSimulator.Build.0 = Release|Any CPU
		{7BC68769-2B0D-4E18-B523-B873810E9265}.Release|iPhoneSimulator.Deploy.0 = Release|Any CPU
	EndGlobalSection
	GlobalSection(SolutionProperties) = preSolution
		HideSolutionNode = FALSE
	EndGlobalSection
	GlobalSection(ExtensibilityGlobals) = postSolution
		SolutionGuid = {F0A527CD-D88F-49E5-BE26-44077C825969}
	EndGlobalSection
EndGlobal
